
Microsoft Visual Studio Solution File, Format Version 12.00
# Visual Studio Version 16
VisualStudioVersion = 16.0.30225.117
MinimumVisualStudioVersion = 10.0.40219.1
Project("{FAE04EC0-301F-11D3-BF4B-00C04F79EFBC}") = "ShoppingList", "ShoppingList.csproj", "{F05F95A5-58CA-4A0E-8236-E4AEA2032029}"
EndProject
Global
	GlobalSection(SolutionConfigurationPlatforms) = preSolution
		Debug|Any CPU = Debug|Any CPU
		Release|Any CPU = Release|Any CPU
	EndGlobalSection
	GlobalSection(ProjectConfigurationPlatforms) = postSolution
		{F05F95A5-58CA-4A0E-8236-E4AEA2032029}.Debug|Any CPU.ActiveCfg = Debug|Any CPU
		{F05F95A5-58CA-4A0E-8236-E4AEA2032029}.Debug|Any CPU.Build.0 = Debug|Any CPU
		{F05F95A5-58CA-4A0E-8236-E4AEA2032029}.Release|Any CPU.ActiveCfg = Release|Any CPU
		{F05F95A5-58CA-4A0E-8236-E4AEA2032029}.Release|Any CPU.Build.0 = Release|Any CPU
	EndGlobalSection
	GlobalSection(SolutionProperties) = preSolution
		HideSolutionNode = FALSE
	EndGlobalSection
	GlobalSection(ExtensibilityGlobals) = postSolution
		SolutionGuid = {F9F0FC2A-74B5-410A-B6BA-6BDFCF175C13}
	EndGlobalSection
EndGlobal
